
Microsoft Visual Studio Solution File, Format Version 12.00
# Visual Studio 15
VisualStudioVersion = 15.0.28010.2016
MinimumVisualStudioVersion = 10.0.40219.1
Project("{FAE04EC0-301F-11D3-BF4B-00C04F79EFBC}") = "412019", "412019\412019.csproj", "{CFA47094-4D67-4B20-8ACA-E606F5EE933C}"
EndProject
Global
	GlobalSection(SolutionConfigurationPlatforms) = preSolution
		Debug|Any CPU = Debug|Any CPU
		Release|Any CPU = Release|Any CPU
	EndGlobalSection
	GlobalSection(ProjectConfigurationPlatforms) = postSolution
		{CFA47094-4D67-4B20-8ACA-E606F5EE933C}.Debug|Any CPU.ActiveCfg = Debug|Any CPU
		{CFA47094-4D67-4B20-8ACA-E606F5EE933C}.Debug|Any CPU.Build.0 = Debug|Any CPU
		{CFA47094-4D67-4B20-8ACA-E606F5EE933C}.Release|Any CPU.ActiveCfg = Release|Any CPU
		{CFA47094-4D67-4B20-8ACA-E606F5EE933C}.Release|Any CPU.Build.0 = Release|Any CPU
	EndGlobalSection
	GlobalSection(SolutionProperties) = preSolution
		HideSolutionNode = FALSE
	EndGlobalSection
	GlobalSection(ExtensibilityGlobals) = postSolution
		SolutionGuid = {B8329D23-F4FD-4B00-A1E4-F4EA23D334A3}
	EndGlobalSection
EndGlobal
